
Microsoft Visual Studio Solution File, Format Version 12.00
# Visual Studio Version 16
VisualStudioVersion = 16.0.30717.126
MinimumVisualStudioVersion = 10.0.40219.1
Project("{FAE04EC0-301F-11D3-BF4B-00C04F79EFBC}") = "Swap", "Swap\Swap.csproj", "{8550E740-D84A-4DD3-A10B-7B78AC0A639B}"
EndProject
Global
	GlobalSection(SolutionConfigurationPlatforms) = preSolution
		Debug|Any CPU = Debug|Any CPU
		Release|Any CPU = Release|Any CPU
	EndGlobalSection
	GlobalSection(ProjectConfigurationPlatforms) = postSolution
		{8550E740-D84A-4DD3-A10B-7B78AC0A639B}.Debug|Any CPU.ActiveCfg = Debug|Any CPU
		{8550E740-D84A-4DD3-A10B-7B78AC0A639B}.Debug|Any CPU.Build.0 = Debug|Any CPU
		{8550E740-D84A-4DD3-A10B-7B78AC0A639B}.Release|Any CPU.ActiveCfg = Release|Any CPU
		{8550E740-D84A-4DD3-A10B-7B78AC0A639B}.Release|Any CPU.Build.0 = Release|Any CPU
	EndGlobalSection
	GlobalSection(SolutionProperties) = preSolution
		HideSolutionNode = FALSE
	EndGlobalSection
	GlobalSection(ExtensibilityGlobals) = postSolution
		SolutionGuid = {D88109CD-335E-4C70-87E8-537BC6B32AAF}
	EndGlobalSection
EndGlobal
